{
  "name": "star",
  "lockfileVersion": 3,
  "requires": true,
  "packages": {
    "": {
      "dependencies": {
        "convert-csv-to-json": "^3.10.0"
      }
    },
    "node_modules/convert-csv-to-json": {
      "version": "3.10.0",
      "resolved": "https://registry.npmjs.org/convert-csv-to-json/-/convert-csv-to-json-3.10.0.tgz",
      "integrity": "sha512-Hv+iXz9ZbMrn0E92ufRQYDYqEIynV2UnVBHHutGeD+gdzErP0bsPNGRP0yFA8CmLxl2eNzgxS81DcwJozuUUeQ==",
      "license": "MIT"
    }
  }
}
